
Microsoft Visual Studio Solution File, Format Version 12.00
# Visual Studio 14
VisualStudioVersion = 14.0.25420.1
MinimumVisualStudioVersion = 10.0.40219.1
Project("{FAE04EC0-301F-11D3-BF4B-00C04F79EFBC}") = "C3D_sect_mtrl", "C3D_sect_mtrl\C3D_sect_mtrl.csproj", "{B5A212C2-C8F2-4C20-A9F6-559CE57E0660}"
EndProject
Global
	GlobalSection(SolutionConfigurationPlatforms) = preSolution
		Debug|Any CPU = Debug|Any CPU
		Release|Any CPU = Release|Any CPU
	EndGlobalSection
	GlobalSection(ProjectConfigurationPlatforms) = postSolution
		{B5A212C2-C8F2-4C20-A9F6-559CE57E0660}.Debug|Any CPU.ActiveCfg = Debug|Any CPU
		{B5A212C2-C8F2-4C20-A9F6-559CE57E0660}.Debug|Any CPU.Build.0 = Debug|Any CPU
		{B5A212C2-C8F2-4C20-A9F6-559CE57E0660}.Release|Any CPU.ActiveCfg = Release|Any CPU
		{B5A212C2-C8F2-4C20-A9F6-559CE57E0660}.Release|Any CPU.Build.0 = Release|Any CPU
	EndGlobalSection
	GlobalSection(SolutionProperties) = preSolution
		HideSolutionNode = FALSE
	EndGlobalSection
EndGlobal
